
Microsoft Visual Studio Solution File, Format Version 12.00
# Visual Studio 15
VisualStudioVersion = 15.0.26730.16
MinimumVisualStudioVersion = 10.0.40219.1
Project("{FAE04EC0-301F-11D3-BF4B-00C04F79EFBC}") = "ConsoleApp12", "ConsoleApp12\ConsoleApp12.csproj", "{F6FF6571-E335-497B-A59D-55A7B10CBFDA}"
EndProject
Global
	GlobalSection(SolutionConfigurationPlatforms) = preSolution
		Debug|Any CPU = Debug|Any CPU
		Release|Any CPU = Release|Any CPU
	EndGlobalSection
	GlobalSection(ProjectConfigurationPlatforms) = postSolution
		{F6FF6571-E335-497B-A59D-55A7B10CBFDA}.Debug|Any CPU.ActiveCfg = Debug|Any CPU
		{F6FF6571-E335-497B-A59D-55A7B10CBFDA}.Debug|Any CPU.Build.0 = Debug|Any CPU
		{F6FF6571-E335-497B-A59D-55A7B10CBFDA}.Release|Any CPU.ActiveCfg = Release|Any CPU
		{F6FF6571-E335-497B-A59D-55A7B10CBFDA}.Release|Any CPU.Build.0 = Release|Any CPU
	EndGlobalSection
	GlobalSection(SolutionProperties) = preSolution
		HideSolutionNode = FALSE
	EndGlobalSection
	GlobalSection(ExtensibilityGlobals) = postSolution
		SolutionGuid = {70807270-23C0-42BE-8C1B-51451FF1A0DF}
	EndGlobalSection
EndGlobal
